
Microsoft Visual Studio Solution File, Format Version 12.00
# Visual Studio Version 17
VisualStudioVersion = 17.0.31903.59
MinimumVisualStudioVersion = 10.0.40219.1
Project("{2150E333-8FDC-42A3-9474-1A3956D46DE8}") = "src", "src", "{827E0CD3-B72D-47B6-A68D-7590B98EB39B}"
EndProject
Project("{FAE04EC0-301F-11D3-BF4B-00C04F79EFBC}") = "Stakeout.Rpc", "src\Stakeout.Rpc\Stakeout.Rpc.csproj", "{7785FA35-F3F4-4567-9EBE-03FE127864A6}"
EndProject
Project("{FAE04EC0-301F-11D3-BF4B-00C04F79EFBC}") = "Stakeout.Core", "src\Stakeout.Core\Stakeout.Core.csproj", "{FD8F5199-3C88-4120-887B-AA8BF13D259D}"
EndProject
Project("{FAE04EC0-301F-11D3-BF4B-00C04F79EFBC}") = "Stakeout.Daemon", "src\Stakeout.Daemon\Stakeout.Daemon.csproj", "{65942D70-DF52-4434-ACA1-78FE28987191}"
EndProject
Project("{FAE04EC0-301F-11D3-BF4B-00C04F79EFBC}") = "Stakeout.Cli", "src\Stakeout.Cli\Stakeout.Cli.csproj", "{5CEB8A17-8F5C-4BB9-930F-6AF9769C2CE9}"
EndProject
Project("{2150E333-8FDC-42A3-9474-1A3956D46DE8}") = "tests", "tests", "{0AB3BF05-4346-4AA6-1389-037BE0695223}"
EndProject
Project("{FAE04EC0-301F-11D3-BF4B-00C04F79EFBC}") = "Stakeout.Core.Tests", "tests\Stakeout.Core.Tests\Stakeout.Core.Tests.csproj", "{BE6E8C89-65DC-414E-9AB5-F6777193AD8E}"
EndProject
Project("{FAE04EC0-301F-11D3-BF4B-00C04F79EFBC}") = "Stakeout.Cli.Tests", "tests\Stakeout.Cli.Tests\Stakeout.Cli.Tests.csproj", "{C30C1B47-E48A-4616-AC03-1BCA1E8CEAB3}"
EndProject
Project("{FAE04EC0-301F-11D3-BF4B-00C04F79EFBC}") = "Stakeout.Backend.EnvDte", "src\Stakeout.Backend.EnvDte\Stakeout.Backend.EnvDte.csproj", "{03980B49-D4D6-4B25-AC81-A050E1DE5B01}"
EndProject
Project("{FAE04EC0-301F-11D3-BF4B-00C04F79EFBC}") = "Stakeout.Backend.EnvDte.Tests", "tests\Stakeout.Backend.EnvDte.Tests\Stakeout.Backend.EnvDte.Tests.csproj", "{92CC10CD-39B0-40D9-A799-4047D17659FB}"
EndProject
Project("{FAE04EC0-301F-11D3-BF4B-00C04F79EFBC}") = "Stakeout.Client", "src\Stakeout.Client\Stakeout.Client.csproj", "{45543EDE-B3FC-404D-B6FB-023BD1C47D2A}"
EndProject
Project("{FAE04EC0-301F-11D3-BF4B-00C04F79EFBC}") = "Stakeout.Mcp", "src\Stakeout.Mcp\Stakeout.Mcp.csproj", "{36A611B6-0E10-4FB1-A5D5-2E767EDA29A9}"
EndProject
Project("{FAE04EC0-301F-11D3-BF4B-00C04F79EFBC}") = "Stakeout.Mcp.Tests", "tests\Stakeout.Mcp.Tests\Stakeout.Mcp.Tests.csproj", "{3CC4688F-D981-44B9-B0E1-B8D051A46136}"
EndProject
Global
	GlobalSection(SolutionConfigurationPlatforms) = preSolution
		Debug|Any CPU = Debug|Any CPU
		Debug|x64 = Debug|x64
		Debug|x86 = Debug|x86
		Release|Any CPU = Release|Any CPU
		Release|x64 = Release|x64
		Release|x86 = Release|x86
	EndGlobalSection
	GlobalSection(ProjectConfigurationPlatforms) = postSolution
		{7785FA35-F3F4-4567-9EBE-03FE127864A6}.Debug|Any CPU.ActiveCfg = Debug|Any CPU
		{7785FA35-F3F4-4567-9EBE-03FE127864A6}.Debug|Any CPU.Build.0 = Debug|Any CPU
		{7785FA35-F3F4-4567-9EBE-03FE127864A6}.Debug|x64.ActiveCfg = Debug|Any CPU
		{7785FA35-F3F4-4567-9EBE-03FE127864A6}.Debug|x64.Build.0 = Debug|Any CPU
		{7785FA35-F3F4-4567-9EBE-03FE127864A6}.Debug|x86.ActiveCfg = Debug|Any CPU
		{7785FA35-F3F4-4567-9EBE-03FE127864A6}.Debug|x86.Build.0 = Debug|Any CPU
		{7785FA35-F3F4-4567-9EBE-03FE127864A6}.Release|Any CPU.ActiveCfg = Release|Any CPU
		{7785FA35-F3F4-4567-9EBE-03FE127864A6}.Release|Any CPU.Build.0 = Release|Any CPU
		{7785FA35-F3F4-4567-9EBE-03FE127864A6}.Release|x64.ActiveCfg = Release|Any CPU
		{7785FA35-F3F4-4567-9EBE-03FE127864A6}.Release|x64.Build.0 = Release|Any CPU
		{7785FA35-F3F4-4567-9EBE-03FE127864A6}.Release|x86.ActiveCfg = Release|Any CPU
		{7785FA35-F3F4-4567-9EBE-03FE127864A6}.Release|x86.Build.0 = Release|Any CPU
		{FD8F5199-3C88-4120-887B-AA8BF13D259D}.Debug|Any CPU.ActiveCfg = Debug|Any CPU
		{FD8F5199-3C88-4120-887B-AA8BF13D259D}.Debug|Any CPU.Build.0 = Debug|Any CPU
		{FD8F5199-3C88-4120-887B-AA8BF13D259D}.Debug|x64.ActiveCfg = Debug|Any CPU
		{FD8F5199-3C88-4120-887B-AA8BF13D259D}.Debug|x64.Build.0 = Debug|Any CPU
		{FD8F5199-3C88-4120-887B-AA8BF13D259D}.Debug|x86.ActiveCfg = Debug|Any CPU
		{FD8F5199-3C88-4120-887B-AA8BF13D259D}.Debug|x86.Build.0 = Debug|Any CPU
		{FD8F5199-3C88-4120-887B-AA8BF13D259D}.Release|Any CPU.ActiveCfg = Release|Any CPU
		{FD8F5199-3C88-4120-887B-AA8BF13D259D}.Release|Any CPU.Build.0 = Release|Any CPU
		{FD8F5199-3C88-4120-887B-AA8BF13D259D}.Release|x64.ActiveCfg = Release|Any CPU
		{FD8F5199-3C88-4120-887B-AA8BF13D259D}.Release|x64.Build.0 = Release|Any CPU
		{FD8F5199-3C88-4120-887B-AA8BF13D259D}.Release|x86.ActiveCfg = Release|Any CPU
		{FD8F5199-3C88-4120-887B-AA8BF13D259D}.Release|x86.Build.0 = Release|Any CPU
		{65942D70-DF52-4434-ACA1-78FE28987191}.Debug|Any CPU.ActiveCfg = Debug|Any CPU
		{65942D70-DF52-4434-ACA1-78FE28987191}.Debug|Any CPU.Build.0 = Debug|Any CPU
		{65942D70-DF52-4434-ACA1-78FE28987191}.Debug|x64.ActiveCfg = Debug|Any CPU
		{65942D70-DF52-4434-ACA1-78FE28987191}.Debug|x64.Build.0 = Debug|Any CPU
		{65942D70-DF52-4434-ACA1-78FE28987191}.Debug|x86.ActiveCfg = Debug|Any CPU
		{65942D70-DF52-4434-ACA1-78FE28987191}.Debug|x86.Build.0 = Debug|Any CPU
		{65942D70-DF52-4434-ACA1-78FE28987191}.Release|Any CPU.ActiveCfg = Release|Any CPU
		{65942D70-DF52-4434-ACA1-78FE28987191}.Release|Any CPU.Build.0 = Release|Any CPU
		{65942D70-DF52-4434-ACA1-78FE28987191}.Release|x64.ActiveCfg = Release|Any CPU
		{65942D70-DF52-4434-ACA1-78FE28987191}.Release|x64.Build.0 = Release|Any CPU
		{65942D70-DF52-4434-ACA1-78FE28987191}.Release|x86.ActiveCfg = Release|Any CPU
		{65942D70-DF52-4434-ACA1-78FE28987191}.Release|x86.Build.0 = Release|Any CPU
		{5CEB8A17-8F5C-4BB9-930F-6AF9769C2CE9}.Debug|Any CPU.ActiveCfg = Debug|Any CPU
		{5CEB8A17-8F5C-4BB9-930F-6AF9769C2CE9}.Debug|Any CPU.Build.0 = Debug|Any CPU
		{5CEB8A17-8F5C-4BB9-930F-6AF9769C2CE9}.Debug|x64.ActiveCfg = Debug|Any CPU
		{5CEB8A17-8F5C-4BB9-930F-6AF9769C2CE9}.Debug|x64.Build.0 = Debug|Any CPU
		{5CEB8A17-8F5C-4BB9-930F-6AF9769C2CE9}.Debug|x86.ActiveCfg = Debug|Any CPU
		{5CEB8A17-8F5C-4BB9-930F-6AF9769C2CE9}.Debug|x86.Build.0 = Debug|Any CPU
		{5CEB8A17-8F5C-4BB9-930F-6AF9769C2CE9}.Release|Any CPU.ActiveCfg = Release|Any CPU
		{5CEB8A17-8F5C-4BB9-930F-6AF9769C2CE9}.Release|Any CPU.Build.0 = Release|Any CPU
		{5CEB8A17-8F5C-4BB9-930F-6AF9769C2CE9}.Release|x64.ActiveCfg = Release|Any CPU
		{5CEB8A17-8F5C-4BB9-930F-6AF9769C2CE9}.Release|x64.Build.0 = Release|Any CPU
		{5CEB8A17-8F5C-4BB9-930F-6AF9769C2CE9}.Release|x86.ActiveCfg = Release|Any CPU
		{5CEB8A17-8F5C-4BB9-930F-6AF9769C2CE9}.Release|x86.Build.0 = Release|Any CPU
		{BE6E8C89-65DC-414E-9AB5-F6777193AD8E}.Debug|Any CPU.ActiveCfg = Debug|Any CPU
		{BE6E8C89-65DC-414E-9AB5-F6777193AD8E}.Debug|Any CPU.Build.0 = Debug|Any CPU
		{BE6E8C89-65DC-414E-9AB5-F6777193AD8E}.Debug|x64.ActiveCfg = Debug|Any CPU
		{BE6E8C89-65DC-414E-9AB5-F6777193AD8E}.Debug|x64.Build.0 = Debug|Any CPU
		{BE6E8C89-65DC-414E-9AB5-F6777193AD8E}.Debug|x86.ActiveCfg = Debug|Any CPU
		{BE6E8C89-65DC-414E-9AB5-F6777193AD8E}.Debug|x86.Build.0 = Debug|Any CPU
		{BE6E8C89-65DC-414E-9AB5-F6777193AD8E}.Release|Any CPU.ActiveCfg = Release|Any CPU
		{BE6E8C89-65DC-414E-9AB5-F6777193AD8E}.Release|Any CPU.Build.0 = Release|Any CPU
		{BE6E8C89-65DC-414E-9AB5-F6777193AD8E}.Release|x64.ActiveCfg = Release|Any CPU
		{BE6E8C89-65DC-414E-9AB5-F6777193AD8E}.Release|x64.Build.0 = Release|Any CPU
		{BE6E8C89-65DC-414E-9AB5-F6777193AD8E}.Release|x86.ActiveCfg = Release|Any CPU
		{BE6E8C89-65DC-414E-9AB5-F6777193AD8E}.Release|x86.Build.0 = Release|Any CPU
		{C30C1B47-E48A-4616-AC03-1BCA1E8CEAB3}.Debug|Any CPU.ActiveCfg = Debug|Any CPU
		{C30C1B47-E48A-4616-AC03-1BCA1E8CEAB3}.Debug|Any CPU.Build.0 = Debug|Any CPU
		{C30C1B47-E48A-4616-AC03-1BCA1E8CEAB3}.Debug|x64.ActiveCfg = Debug|Any CPU
		{C30C1B47-E48A-4616-AC03-1BCA1E8CEAB3}.Debug|x64.Build.0 = Debug|Any CPU
		{C30C1B47-E48A-4616-AC03-1BCA1E8CEAB3}.Debug|x86.ActiveCfg = Debug|Any CPU
		{C30C1B47-E48A-4616-AC03-1BCA1E8CEAB3}.Debug|x86.Build.0 = Debug|Any CPU
		{C30C1B47-E48A-4616-AC03-1BCA1E8CEAB3}.Release|Any CPU.ActiveCfg = Release|Any CPU
		{C30C1B47-E48A-4616-AC03-1BCA1E8CEAB3}.Release|Any CPU.Build.0 = Release|Any CPU
		{C30C1B47-E48A-4616-AC03-1BCA1E8CEAB3}.Release|x64.ActiveCfg = Release|Any CPU
		{C30C1B47-E48A-4616-AC03-1BCA1E8CEAB3}.Release|x64.Build.0 = Release|Any CPU
		{C30C1B47-E48A-4616-AC03-1BCA1E8CEAB3}.Release|x86.ActiveCfg = Release|Any CPU
		{C30C1B47-E48A-4616-AC03-1BCA1E8CEAB3}.Release|x86.Build.0 = Release|Any CPU
		{03980B49-D4D6-4B25-AC81-A050E1DE5B01}.Debug|Any CPU.ActiveCfg = Debug|Any CPU
		{03980B49-D4D6-4B25-AC81-A050E1DE5B01}.Debug|Any CPU.Build.0 = Debug|Any CPU
		{03980B49-D4D6-4B25-AC81-A050E1DE5B01}.Debug|x64.ActiveCfg = Debug|Any CPU
		{03980B49-D4D6-4B25-AC81-A050E1DE5B01}.Debug|x64.Build.0 = Debug|Any CPU
		{03980B49-D4D6-4B25-AC81-A050E1DE5B01}.Debug|x86.ActiveCfg = Debug|Any CPU
		{03980B49-D4D6-4B25-AC81-A050E1DE5B01}.Debug|x86.Build.0 = Debug|Any CPU
		{03980B49-D4D6-4B25-AC81-A050E1DE5B01}.Release|Any CPU.ActiveCfg = Release|Any CPU
		{03980B49-D4D6-4B25-AC81-A050E1DE5B01}.Release|Any CPU.Build.0 = Release|Any CPU
		{03980B49-D4D6-4B25-AC81-A050E1DE5B01}.Release|x64.ActiveCfg = Release|Any CPU
		{03980B49-D4D6-4B25-AC81-A050E1DE5B01}.Release|x64.Build.0 = Release|Any CPU
		{03980B49-D4D6-4B25-AC81-A050E1DE5B01}.Release|x86.ActiveCfg = Release|Any CPU
		{03980B49-D4D6-4B25-AC81-A050E1DE5B01}.Release|x86.Build.0 = Release|Any CPU
		{92CC10CD-39B0-40D9-A799-4047D17659FB}.Debug|Any CPU.ActiveCfg = Debug|Any CPU
		{92CC10CD-39B0-40D9-A799-4047D17659FB}.Debug|Any CPU.Build.0 = Debug|Any CPU
		{92CC10CD-39B0-40D9-A799-4047D17659FB}.Debug|x64.ActiveCfg = Debug|Any CPU
		{92CC10CD-39B0-40D9-A799-4047D17659FB}.Debug|x64.Build.0 = Debug|Any CPU
		{92CC10CD-39B0-40D9-A799-4047D17659FB}.Debug|x86.ActiveCfg = Debug|Any CPU
		{92CC10CD-39B0-40D9-A799-4047D17659FB}.Debug|x86.Build.0 = Debug|Any CPU
		{92CC10CD-39B0-40D9-A799-4047D17659FB}.Release|Any CPU.ActiveCfg = Release|Any CPU
		{92CC10CD-39B0-40D9-A799-4047D17659FB}.Release|Any CPU.Build.0 = Release|Any CPU
		{92CC10CD-39B0-40D9-A799-4047D17659FB}.Release|x64.ActiveCfg = Release|Any CPU
		{92CC10CD-39B0-40D9-A799-4047D17659FB}.Release|x64.Build.0 = Release|Any CPU
		{92CC10CD-39B0-40D9-A799-4047D17659FB}.Release|x86.ActiveCfg = Release|Any CPU
		{92CC10CD-39B0-40D9-A799-4047D17659FB}.Release|x86.Build.0 = Release|Any CPU
		{45543EDE-B3FC-404D-B6FB-023BD1C47D2A}.Debug|Any CPU.ActiveCfg = Debug|Any CPU
		{45543EDE-B3FC-404D-B6FB-023BD1C47D2A}.Debug|Any CPU.Build.0 = Debug|Any CPU
		{45543EDE-B3FC-404D-B6FB-023BD1C47D2A}.Debug|x64.ActiveCfg = Debug|Any CPU
		{45543EDE-B3FC-404D-B6FB-023BD1C47D2A}.Debug|x64.Build.0 = Debug|Any CPU
		{45543EDE-B3FC-404D-B6FB-023BD1C47D2A}.Debug|x86.ActiveCfg = Debug|Any CPU
		{45543EDE-B3FC-404D-B6FB-023BD1C47D2A}.Debug|x86.Build.0 = Debug|Any CPU
		{45543EDE-B3FC-404D-B6FB-023BD1C47D2A}.Release|Any CPU.ActiveCfg = Release|Any CPU
		{45543EDE-B3FC-404D-B6FB-023BD1C47D2A}.Release|Any CPU.Build.0 = Release|Any CPU
		{45543EDE-B3FC-404D-B6FB-023BD1C47D2A}.Release|x64.ActiveCfg = Release|Any CPU
		{45543EDE-B3FC-404D-B6FB-023BD1C47D2A}.Release|x64.Build.0 = Release|Any CPU
		{45543EDE-B3FC-404D-B6FB-023BD1C47D2A}.Release|x86.ActiveCfg = Release|Any CPU
		{45543EDE-B3FC-404D-B6FB-023BD1C47D2A}.Release|x86.Build.0 = Release|Any CPU
		{36A611B6-0E10-4FB1-A5D5-2E767EDA29A9}.Debug|Any CPU.ActiveCfg = Debug|Any CPU
		{36A611B6-0E10-4FB1-A5D5-2E767EDA29A9}.Debug|Any CPU.Build.0 = Debug|Any CPU
		{36A611B6-0E10-4FB1-A5D5-2E767EDA29A9}.Debug|x64.ActiveCfg = Debug|Any CPU
		{36A611B6-0E10-4FB1-A5D5-2E767EDA29A9}.Debug|x64.Build.0 = Debug|Any CPU
		{36A611B6-0E10-4FB1-A5D5-2E767EDA29A9}.Debug|x86.ActiveCfg = Debug|Any CPU
		{36A611B6-0E10-4FB1-A5D5-2E767EDA29A9}.Debug|x86.Build.0 = Debug|Any CPU
		{36A611B6-0E10-4FB1-A5D5-2E767EDA29A9}.Release|Any CPU.ActiveCfg = Release|Any CPU
		{36A611B6-0E10-4FB1-A5D5-2E767EDA29A9}.Release|Any CPU.Build.0 = Release|Any CPU
		{36A611B6-0E10-4FB1-A5D5-2E767EDA29A9}.Release|x64.ActiveCfg = Release|Any CPU
		{36A611B6-0E10-4FB1-A5D5-2E767EDA29A9}.Release|x64.Build.0 = Release|Any CPU
		{36A611B6-0E10-4FB1-A5D5-2E767EDA29A9}.Release|x86.ActiveCfg = Release|Any CPU
		{36A611B6-0E10-4FB1-A5D5-2E767EDA29A9}.Release|x86.Build.0 = Release|Any CPU
		{3CC4688F-D981-44B9-B0E1-B8D051A46136}.Debug|Any CPU.ActiveCfg = Debug|Any CPU
		{3CC4688F-D981-44B9-B0E1-B8D051A46136}.Debug|Any CPU.Build.0 = Debug|Any CPU
		{3CC4688F-D981-44B9-B0E1-B8D051A46136}.Debug|x64.ActiveCfg = Debug|Any CPU
		{3CC4688F-D981-44B9-B0E1-B8D051A46136}.Debug|x64.Build.0 = Debug|Any CPU
		{3CC4688F-D981-44B9-B0E1-B8D051A46136}.Debug|x86.ActiveCfg = Debug|Any CPU
		{3CC4688F-D981-44B9-B0E1-B8D051A46136}.Debug|x86.Build.0 = Debug|Any CPU
		{3CC4688F-D981-44B9-B0E1-B8D051A46136}.Release|Any CPU.ActiveCfg = Release|Any CPU
		{3CC4688F-D981-44B9-B0E1-B8D051A46136}.Release|Any CPU.Build.0 = Release|Any CPU
		{3CC4688F-D981-44B9-B0E1-B8D051A46136}.Release|x64.ActiveCfg = Release|Any CPU
		{3CC4688F-D981-44B9-B0E1-B8D051A46136}.Release|x64.Build.0 = Release|Any CPU
		{3CC4688F-D981-44B9-B0E1-B8D051A46136}.Release|x86.ActiveCfg = Release|Any CPU
		{3CC4688F-D981-44B9-B0E1-B8D051A46136}.Release|x86.Build.0 = Release|Any CPU
	EndGlobalSection
	GlobalSection(SolutionProperties) = preSolution
		HideSolutionNode = FALSE
	EndGlobalSection
	GlobalSection(NestedProjects) = preSolution
		{7785FA35-F3F4-4567-9EBE-03FE127864A6} = {827E0CD3-B72D-47B6-A68D-7590B98EB39B}
		{FD8F5199-3C88-4120-887B-AA8BF13D259D} = {827E0CD3-B72D-47B6-A68D-7590B98EB39B}
		{65942D70-DF52-4434-ACA1-78FE28987191} = {827E0CD3-B72D-47B6-A68D-7590B98EB39B}
		{5CEB8A17-8F5C-4BB9-930F-6AF9769C2CE9} = {827E0CD3-B72D-47B6-A68D-7590B98EB39B}
		{BE6E8C89-65DC-414E-9AB5-F6777193AD8E} = {0AB3BF05-4346-4AA6-1389-037BE0695223}
		{C30C1B47-E48A-4616-AC03-1BCA1E8CEAB3} = {0AB3BF05-4346-4AA6-1389-037BE0695223}
		{03980B49-D4D6-4B25-AC81-A050E1DE5B01} = {827E0CD3-B72D-47B6-A68D-7590B98EB39B}
		{92CC10CD-39B0-40D9-A799-4047D17659FB} = {0AB3BF05-4346-4AA6-1389-037BE0695223}
		{45543EDE-B3FC-404D-B6FB-023BD1C47D2A} = {827E0CD3-B72D-47B6-A68D-7590B98EB39B}
		{36A611B6-0E10-4FB1-A5D5-2E767EDA29A9} = {827E0CD3-B72D-47B6-A68D-7590B98EB39B}
		{3CC4688F-D981-44B9-B0E1-B8D051A46136} = {0AB3BF05-4346-4AA6-1389-037BE0695223}
	EndGlobalSection
EndGlobal
